// !$*UTF8*$!
{
	archiveVersion = 1;
	classes = {
	};
	objectVersion = 46;
	objects = {

/* Begin PBXBuildFile section */
		1422C7091D37E8E700A28A32 /* customCell.swift in Sources */ = {isa = PBXBuildFile; fileRef = 1422C7081D37E8E700A28A32 /* customCell.swift */; };
		146EC7CF1D367C2C00C5B8D3 /* ViewController2.swift in Sources */ = {isa = PBXBuildFile; fileRef = 146EC7CE1D367C2C00C5B8D3 /* ViewController2.swift */; };
		14793B0F1D35240E00E111FD /* AppDelegate.swift in Sources */ = {isa = PBXBuildFile; fileRef = 14793B0E1D35240E00E111FD /* AppDelegate.swift */; };
		14793B111D35240E00E111FD /* ViewController.swift in Sources */ = {isa = PBXBuildFile; fileRef = 14793B101D35240E00E111FD /* ViewController.swift */; };
		14793B141D35240E00E111FD /* Main.storyboard in Resources */ = {isa = PBXBuildFile; fileRef = 14793B121D35240E00E111FD /* Main.storyboard */; };
		14793B161D35240E00E111FD /* Assets.xcassets in Resources */ = {isa = PBXBuildFile; fileRef = 14793B151D35240E00E111FD /* Assets.xcassets */; };
		14793B191D35240E00E111FD /* LaunchScreen.storyboard in Resources */ = {isa = PBXBuildFile; fileRef = 14793B171D35240E00E111FD /* LaunchScreen.storyboard */; };
		14793B241D35240F00E111FD /* York_Bin_CollectionTests.swift in Sources */ = {isa = PBXBuildFile; fileRef = 14793B231D35240F00E111FD /* York_Bin_CollectionTests.swift */; };
		61EC3A6EF409B118573F7BE0 /* Pods_York_Bin_Collection.framework in Frameworks */ = {isa = PBXBuildFile; fileRef = CF57EDB83C7401B24879FEFA /* Pods_York_Bin_Collection.framework */; };
/* End PBXBuildFile section */

/* Begin PBXContainerItemProxy section */
		14793B201D35240F00E111FD /* PBXContainerItemProxy */ = {
			isa = PBXContainerItemProxy;
			containerPortal = 14793B031D35240E00E111FD /* Project object */;
			proxyType = 1;
			remoteGlobalIDString = 14793B0A1D35240E00E111FD;
			remoteInfo = "York Bin Collection";
		};
/* End PBXContainerItemProxy section */

/* Begin PBXFileReference section */
		1422C7081D37E8E700A28A32 /* customCell.swift */ = {isa = PBXFileReference; fileEncoding = 4; lastKnownFileType = sourcecode.swift; path = customCell.swift; sourceTree = "<group>"; };
		146EC7CE1D367C2C00C5B8D3 /* ViewController2.swift */ = {isa = PBXFileReference; fileEncoding = 4; lastKnownFileType = sourcecode.swift; name = ViewController2.swift; path = ../ViewController2.swift; sourceTree = "<group>"; };
		14793B0B1D35240E00E111FD /* York Bin Collection.app */ = {isa = PBXFileReference; explicitFileType = wrapper.application; includeInIndex = 0; path = "York Bin Collection.app"; sourceTree = BUILT_PRODUCTS_DIR; };
		14793B0E1D35240E00E111FD /* AppDelegate.swift */ = {isa = PBXFileReference; lastKnownFileType = sourcecode.swift; path = AppDelegate.swift; sourceTree = "<group>"; };
		14793B101D35240E00E111FD /* ViewController.swift */ = {isa = PBXFileReference; lastKnownFileType = sourcecode.swift; path = ViewController.swift; sourceTree = "<group>"; };
		14793B131D35240E00E111FD /* Base */ = {isa = PBXFileReference; lastKnownFileType = file.storyboard; name = Base; path = Base.lproj/Main.storyboard; sourceTree = "<group>"; };
		14793B151D35240E00E111FD /* Assets.xcassets */ = {isa = PBXFileReference; lastKnownFileType = folder.assetcatalog; path = Assets.xcassets; sourceTree = "<group>"; };
		14793B181D35240E00E111FD /* Base */ = {isa = PBXFileReference; lastKnownFileType = file.storyboard; name = Base; path = Base.lproj/LaunchScreen.storyboard; sourceTree = "<group>"; };
		14793B1A1D35240E00E111FD /* Info.plist */ = {isa = PBXFileReference; lastKnownFileType = text.plist.xml; path = Info.plist; sourceTree = "<group>"; };
		14793B1F1D35240F00E111FD /* York Bin CollectionTests.xctest */ = {isa = PBXFileReference; explicitFileType = wrapper.cfbundle; includeInIndex = 0; path = "York Bin CollectionTests.xctest"; sourceTree = BUILT_PRODUCTS_DIR; };
		14793B231D35240F00E111FD /* York_Bin_CollectionTests.swift */ = {isa = PBXFileReference; lastKnownFileType = sourcecode.swift; path = York_Bin_CollectionTests.swift; sourceTree = "<group>"; };
		14793B251D35240F00E111FD /* Info.plist */ = {isa = PBXFileReference; lastKnownFileType = text.plist.xml; path = Info.plist; sourceTree = "<group>"; };
		4283D9398030443AB03F12A2 /* Pods-York Bin Collection.debug.xcconfig */ = {isa = PBXFileReference; includeInIndex = 1; lastKnownFileType = text.xcconfig; name = "Pods-York Bin Collection.debug.xcconfig"; path = "Pods/Target Support Files/Pods-York Bin Collection/Pods-York Bin Collection.debug.xcconfig"; sourceTree = "<group>"; };
		8BE0D3812E67AB00D174F375 /* Pods-York Bin Collection.release.xcconfig */ = {isa = PBXFileReference; includeInIndex = 1; lastKnownFileType = text.xcconfig; name = "Pods-York Bin Collection.release.xcconfig"; path = "Pods/Target Support Files/Pods-York Bin Collection/Pods-York Bin Collection.release.xcconfig"; sourceTree = "<group>"; };
		CF57EDB83C7401B24879FEFA /* Pods_York_Bin_Collection.framework */ = {isa = PBXFileReference; explicitFileType = wrapper.framework; includeInIndex = 0; path = Pods_York_Bin_Collection.framework; sourceTree = BUILT_PRODUCTS_DIR; };
		EE589F9257C400B46901B951 /* Pods_York_Bin_CollectionTests.framework */ = {isa = PBXFileReference; explicitFileType = wrapper.framework; includeInIndex = 0; path = Pods_York_Bin_CollectionTests.framework; sourceTree = BUILT_PRODUCTS_DIR; };
/* End PBXFileReference section */

/* Begin PBXFrameworksBuildPhase section */
		14793B081D35240E00E111FD /* Frameworks */ = {
			isa = PBXFrameworksBuildPhase;
			buildActionMask = 2147483647;
			files = (
				61EC3A6EF409B118573F7BE0 /* Pods_York_Bin_Collection.framework in Frameworks */,
			);
			runOnlyForDeploymentPostprocessing = 0;
		};
		14793B1C1D35240F00E111FD /* Frameworks */ = {
			isa = PBXFrameworksBuildPhase;
			buildActionMask = 2147483647;
			files = (
			);
			runOnlyForDeploymentPostprocessing = 0;
		};
/* End PBXFrameworksBuildPhase section */

/* Begin PBXGroup section */
		14793B021D35240E00E111FD = {
			isa = PBXGroup;
			children = (
				14793B0D1D35240E00E111FD /* York Bin Collection */,
				14793B221D35240F00E111FD /* York Bin CollectionTests */,
				14793B0C1D35240E00E111FD /* Products */,
				F5E35475D8A1ACE5B6E79621 /* Pods */,
				3713EBAB0752A7EEBBE1204C /* Frameworks */,
			);
			sourceTree = "<group>";
		};
		14793B0C1D35240E00E111FD /* Products */ = {
			isa = PBXGroup;
			children = (
				14793B0B1D35240E00E111FD /* York Bin Collection.app */,
				14793B1F1D35240F00E111FD /* York Bin CollectionTests.xctest */,
			);
			name = Products;
			sourceTree = "<group>";
		};
		14793B0D1D35240E00E111FD /* York Bin Collection */ = {
			isa = PBXGroup;
			children = (
				14793B0E1D35240E00E111FD /* AppDelegate.swift */,
				14793B101D35240E00E111FD /* ViewController.swift */,
				146EC7CE1D367C2C00C5B8D3 /* ViewController2.swift */,
				1422C7081D37E8E700A28A32 /* customCell.swift */,
				14793B121D35240E00E111FD /* Main.storyboard */,
				14793B151D35240E00E111FD /* Assets.xcassets */,
				14793B171D35240E00E111FD /* LaunchScreen.storyboard */,
				14793B1A1D35240E00E111FD /* Info.plist */,
			);
			path = "York Bin Collection";
			sourceTree = "<group>";
		};
		14793B221D35240F00E111FD /* York Bin CollectionTests */ = {
			isa = PBXGroup;
			children = (
				14793B231D35240F00E111FD /* York_Bin_CollectionTests.swift */,
				14793B251D35240F00E111FD /* Info.plist */,
			);
			path = "York Bin CollectionTests";
			sourceTree = "<group>";
		};
		3713EBAB0752A7EEBBE1204C /* Frameworks */ = {
			isa = PBXGroup;
			children = (
				CF57EDB83C7401B24879FEFA /* Pods_York_Bin_Collection.framework */,
				EE589F9257C400B46901B951 /* Pods_York_Bin_CollectionTests.framework */,
			);
			name = Frameworks;
			sourceTree = "<group>";
		};
		F5E35475D8A1ACE5B6E79621 /* Pods */ = {
			isa = PBXGroup;
			children = (
				4283D9398030443AB03F12A2 /* Pods-York Bin Collection.debug.xcconfig */,
				8BE0D3812E67AB00D174F375 /* Pods-York Bin Collection.release.xcconfig */,
			);
			name = Pods;
			sourceTree = "<group>";
		};
/* End PBXGroup section */

/* Begin PBXNativeTarget section */
		14793B0A1D35240E00E111FD /* York Bin Collection */ = {
			isa = PBXNativeTarget;
			buildConfigurationList = 14793B281D35240F00E111FD /* Build configuration list for PBXNativeTarget "York Bin Collection" */;
			buildPhases = (
				D552F878706B102FBAB4CEAF /* [CP] Check Pods Manifest.lock */,
				14793B071D35240E00E111FD /* Sources */,
				14793B081D35240E00E111FD /* Frameworks */,
				14793B091D35240E00E111FD /* Resources */,
				6C48E18BA13E21755E9E61A9 /* [CP] Embed Pods Frameworks */,
				A3D3A8995232EC1E78527689 /* [CP] Copy Pods Resources */,
			);
			buildRules = (
			);
			dependencies = (
			);
			name = "York Bin Collection";
			productName = "York Bin Collection";
			productReference = 14793B0B1D35240E00E111FD /* York Bin Collection.app */;
			productType = "com.apple.product-type.application";
		};
		14793B1E1D35240F00E111FD /* York Bin CollectionTests */ = {
			isa = PBXNativeTarget;
			buildConfigurationList = 14793B2B1D35240F00E111FD /* Build configuration list for PBXNativeTarget "York Bin CollectionTests" */;
			buildPhases = (
				7ADA5A369BEBDBD38CF8DEE5 /* [CP] Check Pods Manifest.lock */,
				14793B1B1D35240F00E111FD /* Sources */,
				14793B1C1D35240F00E111FD /* Frameworks */,
				14793B1D1D35240F00E111FD /* Resources */,
				0E89F9B35CD4C057ED23037F /* [CP] Embed Pods Frameworks */,
				2B084030DA049090AC41E07D /* [CP] Copy Pods Resources */,
			);
			buildRules = (
			);
			dependencies = (
				14793B211D35240F00E111FD /* PBXTargetDependency */,
			);
			name = "York Bin CollectionTests";
			productName = "York Bin CollectionTests";
			productReference = 14793B1F1D35240F00E111FD /* York Bin CollectionTests.xctest */;
			productType = "com.apple.product-type.bundle.unit-test";
		};
/* End PBXNativeTarget section */

/* Begin PBXProject section */
		14793B031D35240E00E111FD /* Project object */ = {
			isa = PBXProject;
			attributes = {
				LastSwiftUpdateCheck = 0730;
				LastUpgradeCheck = 0730;
				ORGANIZATIONNAME = Sean;
				TargetAttributes = {
					14793B0A1D35240E00E111FD = {
						CreatedOnToolsVersion = 7.3.1;
						DevelopmentTeam = 964C546RH5;
					};
					14793B1E1D35240F00E111FD = {
						CreatedOnToolsVersion = 7.3.1;
						DevelopmentTeam = 964C546RH5;
						TestTargetID = 14793B0A1D35240E00E111FD;
					};
				};
			};
			buildConfigurationList = 14793B061D35240E00E111FD /* Build configuration list for PBXProject "York Bin Collection" */;
			compatibilityVersion = "Xcode 3.2";
			developmentRegion = English;
			hasScannedForEncodings = 0;
			knownRegions = (
				en,
				Base,
			);
			mainGroup = 14793B021D35240E00E111FD;
			productRefGroup = 14793B0C1D35240E00E111FD /* Products */;
			projectDirPath = "";
			projectRoot = "";
			targets = (
				14793B0A1D35240E00E111FD /* York Bin Collection */,
				14793B1E1D35240F00E111FD /* York Bin CollectionTests */,
			);
		};
/* End PBXProject section */

/* Begin PBXResourcesBuildPhase section */
		14793B091D35240E00E111FD /* Resources */ = {
			isa = PBXResourcesBuildPhase;
			buildActionMask = 2147483647;
			files = (
				14793B191D35240E00E111FD /* LaunchScreen.storyboard in Resources */,
				14793B161D35240E00E111FD /* Assets.xcassets in Resources */,
				14793B141D35240E00E111FD /* Main.storyboard in Resources */,
			);
			runOnlyForDeploymentPostprocessing = 0;
		};
		14793B1D1D35240F00E111FD /* Resources */ = {
			isa = PBXResourcesBuildPhase;
			buildActionMask = 2147483647;
			files = (
			);
			runOnlyForDeploymentPostprocessing = 0;
		};
/* End PBXResourcesBuildPhase section */

/* Begin PBXShellScriptBuildPhase section */
		0E89F9B35CD4C057ED23037F /* [CP] Embed Pods Frameworks */ = {
			isa = PBXShellScriptBuildPhase;
			buildActionMask = 2147483647;
			files = (
			);
			inputPaths = (
			);
			name = "[CP] Embed Pods Frameworks";
			outputPaths = (
			);
			runOnlyForDeploymentPostprocessing = 0;
			shellPath = /bin/sh;
			shellScript = "\"${SRCROOT}/Pods/Target Support Files/Pods-York Bin CollectionTests/Pods-York Bin CollectionTests-frameworks.sh\"\n";
			showEnvVarsInLog = 0;
		};
		2B084030DA049090AC41E07D /* [CP] Copy Pods Resources */ = {
			isa = PBXShellScriptBuildPhase;
			buildActionMask = 2147483647;
			files = (
			);
			inputPaths = (
			);
			name = "[CP] Copy Pods Resources";
			outputPaths = (
			);
			runOnlyForDeploymentPostprocessing = 0;
			shellPath = /bin/sh;
			shellScript = "\"${SRCROOT}/Pods/Target Support Files/Pods-York Bin CollectionTests/Pods-York Bin CollectionTests-resources.sh\"\n";
			showEnvVarsInLog = 0;
		};
		6C48E18BA13E21755E9E61A9 /* [CP] Embed Pods Frameworks */ = {
			isa = PBXShellScriptBuildPhase;
			buildActionMask = 2147483647;
			files = (
			);
			inputPaths = (
			);
			name = "[CP] Embed Pods Frameworks";
			outputPaths = (
			);
			runOnlyForDeploymentPostprocessing = 0;
			shellPath = /bin/sh;
			shellScript = "\"${SRCROOT}/Pods/Target Support Files/Pods-York Bin Collection/Pods-York Bin Collection-frameworks.sh\"\n";
			showEnvVarsInLog = 0;
		};
		7ADA5A369BEBDBD38CF8DEE5 /* [CP] Check Pods Manifest.lock */ = {
			isa = PBXShellScriptBuildPhase;
			buildActionMask = 2147483647;
			files = (
			);
			inputPaths = (
			);
			name = "[CP] Check Pods Manifest.lock";
			outputPaths = (
			);
			runOnlyForDeploymentPostprocessing = 0;
			shellPath = /bin/sh;
			shellScript = "diff \"${PODS_ROOT}/../Podfile.lock\" \"${PODS_ROOT}/Manifest.lock\" > /dev/null\nif [[ $? != 0 ]] ; then\n    cat << EOM\nerror: The sandbox is not in sync with the Podfile.lock. Run 'pod install' or update your CocoaPods installation.\nEOM\n    exit 1\nfi\n";
			showEnvVarsInLog = 0;
		};
		A3D3A8995232EC1E78527689 /* [CP] Copy Pods Resources */ = {
			isa = PBXShellScriptBuildPhase;
			buildActionMask = 2147483647;
			files = (
			);
			inputPaths = (
			);
			name = "[CP] Copy Pods Resources";
			outputPaths = (
			);
			runOnlyForDeploymentPostprocessing = 0;
			shellPath = /bin/sh;
			shellScript = "\"${SRCROOT}/Pods/Target Support Files/Pods-York Bin Collection/Pods-York Bin Collection-resources.sh\"\n";
			showEnvVarsInLog = 0;
		};
		D552F878706B102FBAB4CEAF /* [CP] Check Pods Manifest.lock */ = {
			isa = PBXShellScriptBuildPhase;
			buildActionMask = 2147483647;
			files = (
			);
			inputPaths = (
			);
			name = "[CP] Check Pods Manifest.lock";
			outputPaths = (
			);
			runOnlyForDeploymentPostprocessing = 0;
			shellPath = /bin/sh;
			shellScript = "diff \"${PODS_ROOT}/../Podfile.lock\" \"${PODS_ROOT}/Manifest.lock\" > /dev/null\nif [[ $? != 0 ]] ; then\n    cat << EOM\nerror: The sandbox is not in sync with the Podfile.lock. Run 'pod install' or update your CocoaPods installation.\nEOM\n    exit 1\nfi\n";
			showEnvVarsInLog = 0;
		};
/* End PBXShellScriptBuildPhase section */

/* Begin PBXSourcesBuildPhase section */
		14793B071D35240E00E111FD /* Sources */ = {
			isa = PBXSourcesBuildPhase;
			buildActionMask = 2147483647;
			files = (
				14793B111D35240E00E111FD /* ViewController.swift in Sources */,
				14793B0F1D35240E00E111FD /* AppDelegate.swift in Sources */,
				1422C7091D37E8E700A28A32 /* customCell.swift in Sources */,
				146EC7CF1D367C2C00C5B8D3 /* ViewController2.swift in Sources */,
			);
			runOnlyForDeploymentPostprocessing = 0;
		};
		14793B1B1D35240F00E111FD /* Sources */ = {
			isa = PBXSourcesBuildPhase;
			buildActionMask = 2147483647;
			files = (
				14793B241D35240F00E111FD /* York_Bin_CollectionTests.swift in Sources */,
			);
			runOnlyForDeploymentPostprocessing = 0;
		};
/* End PBXSourcesBuildPhase section */

/* Begin PBXTargetDependency section */
		14793B211D35240F00E111FD /* PBXTargetDependency */ = {
			isa = PBXTargetDependency;
			target = 14793B0A1D35240E00E111FD /* York Bin Collection */;
			targetProxy = 14793B201D35240F00E111FD /* PBXContainerItemProxy */;
		};
/* End PBXTargetDependency section */

/* Begin PBXVariantGroup section */
		14793B121D35240E00E111FD /* Main.storyboard */ = {
			isa = PBXVariantGroup;
			children = (
				14793B131D35240E00E111FD /* Base */,
			);
			name = Main.storyboard;
			sourceTree = "<group>";
		};
		14793B171D35240E00E111FD /* LaunchScreen.storyboard */ = {
			isa = PBXVariantGroup;
			children = (
				14793B181D35240E00E111FD /* Base */,
			);
			name = LaunchScreen.storyboard;
			sourceTree = "<group>";
		};
/* End PBXVariantGroup section */

/* Begin XCBuildConfiguration section */
		14793B261D35240F00E111FD /* Debug */ = {
			isa = XCBuildConfiguration;
			buildSettings = {
				ALWAYS_SEARCH_USER_PATHS = NO;
				CLANG_ANALYZER_NONNULL = YES;
				CLANG_CXX_LANGUAGE_STANDARD = "gnu++0x";
				CLANG_CXX_LIBRARY = "libc++";
				CLANG_ENABLE_MODULES = YES;
				CLANG_ENABLE_OBJC_ARC = YES;
				CLANG_WARN_BOOL_CONVERSION = YES;
				CLANG_WARN_CONSTANT_CONVERSION = YES;
				CLANG_WARN_DIRECT_OBJC_ISA_USAGE = YES_ERROR;
				CLANG_WARN_EMPTY_BODY = YES;
				CLANG_WARN_ENUM_CONVERSION = YES;
				CLANG_WARN_INT_CONVERSION = YES;
				CLANG_WARN_OBJC_ROOT_CLASS = YES_ERROR;
				CLANG_WARN_UNREACHABLE_CODE = YES;
				CLANG_WARN__DUPLICATE_METHOD_MATCH = YES;
				"CODE_SIGN_IDENTITY[sdk=iphoneos*]" = "iPhone Developer";
				COPY_PHASE_STRIP = NO;
				DEBUG_INFORMATION_FORMAT = dwarf;
				ENABLE_STRICT_OBJC_MSGSEND = YES;
				ENABLE_TESTABILITY = YES;
				GCC_C_LANGUAGE_STANDARD = gnu99;
				GCC_DYNAMIC_NO_PIC = NO;
				GCC_NO_COMMON_BLOCKS = YES;
				GCC_OPTIMIZATION_LEVEL = 0;
				GCC_PREPROCESSOR_DEFINITIONS = (
					"DEBUG=1",
					"$(inherited)",
				);
				GCC_WARN_64_TO_32_BIT_CONVERSION = YES;
				GCC_WARN_ABOUT_RETURN_TYPE = YES_ERROR;
				GCC_WARN_UNDECLARED_SELECTOR = YES;
				GCC_WARN_UNINITIALIZED_AUTOS = YES_AGGRESSIVE;
				GCC_WARN_UNUSED_FUNCTION = YES;
				GCC_WARN_UNUSED_VARIABLE = YES;
				IPHONEOS_DEPLOYMENT_TARGET = 9.3;
				MTL_ENABLE_DEBUG_INFO = YES;
				ONLY_ACTIVE_ARCH = YES;
				SDKROOT = iphoneos;
				SWIFT_OPTIMIZATION_LEVEL = "-Onone";
			};
			name = Debug;
		};
		14793B271D35240F00E111FD /* Release */ = {
			isa = XCBuildConfiguration;
			buildSettings = {
				ALWAYS_SEARCH_USER_PATHS = NO;
				CLANG_ANALYZER_NONNULL = YES;
				CLANG_CXX_LANGUAGE_STANDARD = "gnu++0x";
				CLANG_CXX_LIBRARY = "libc++";
				CLANG_ENABLE_MODULES = YES;
				CLANG_ENABLE_OBJC_ARC = YES;
				CLANG_WARN_BOOL_CONVERSION = YES;
				CLANG_WARN_CONSTANT_CONVERSION = YES;
				CLANG_WARN_DIRECT_OBJC_ISA_USAGE = YES_ERROR;
				CLANG_WARN_EMPTY_BODY = YES;
				CLANG_WARN_ENUM_CONVERSION = YES;
				CLANG_WARN_INT_CONVERSION = YES;
				CLANG_WARN_OBJC_ROOT_CLASS = YES_ERROR;
				CLANG_WARN_UNREACHABLE_CODE = YES;
				CLANG_WARN__DUPLICATE_METHOD_MATCH = YES;
				"CODE_SIGN_IDENTITY[sdk=iphoneos*]" = "iPhone Developer";
				COPY_PHASE_STRIP = NO;
				DEBUG_INFORMATION_FORMAT = "dwarf-with-dsym";
				ENABLE_NS_ASSERTIONS = NO;
				ENABLE_STRICT_OBJC_MSGSEND = YES;
				GCC_C_LANGUAGE_STANDARD = gnu99;
				GCC_NO_COMMON_BLOCKS = YES;
				GCC_WARN_64_TO_32_BIT_CONVERSION = YES;
				GCC_WARN_ABOUT_RETURN_TYPE = YES_ERROR;
				GCC_WARN_UNDECLARED_SELECTOR = YES;
				GCC_WARN_UNINITIALIZED_AUTOS = YES_AGGRESSIVE;
				GCC_WARN_UNUSED_FUNCTION = YES;
				GCC_WARN_UNUSED_VARIABLE = YES;
				IPHONEOS_DEPLOYMENT_TARGET = 9.3;
				MTL_ENABLE_DEBUG_INFO = NO;
				SDKROOT = iphoneos;
				VALIDATE_PRODUCT = YES;
			};
			name = Release;
		};
		14793B291D35240F00E111FD /* Debug */ = {
			isa = XCBuildConfiguration;
			baseConfigurationReference = 4283D9398030443AB03F12A2 /* Pods-York Bin Collection.debug.xcconfig */;
			buildSettings = {
				ASSETCATALOG_COMPILER_APPICON_NAME = AppIcon;
				INFOPLIST_FILE = "York Bin Collection/Info.plist";
				LD_RUNPATH_SEARCH_PATHS = "$(inherited) @executable_path/Frameworks";
				PRODUCT_BUNDLE_IDENTIFIER = "Sean.York-Bin-Collection";
				PRODUCT_NAME = "$(TARGET_NAME)";
			};
			name = Debug;
		};
		14793B2A1D35240F00E111FD /* Release */ = {
			isa = XCBuildConfiguration;
			baseConfigurationReference = 8BE0D3812E67AB00D174F375 /* Pods-York Bin Collection.release.xcconfig */;
			buildSettings = {
				ASSETCATALOG_COMPILER_APPICON_NAME = AppIcon;
				INFOPLIST_FILE = "York Bin Collection/Info.plist";
				LD_RUNPATH_SEARCH_PATHS = "$(inherited) @executable_path/Frameworks";
				PRODUCT_BUNDLE_IDENTIFIER = "Sean.York-Bin-Collection";
				PRODUCT_NAME = "$(TARGET_NAME)";
			};
			name = Release;
		};
		14793B2C1D35240F00E111FD /* Debug */ = {
			isa = XCBuildConfiguration;
			buildSettings = {
				BUNDLE_LOADER = "$(TEST_HOST)";
				INFOPLIST_FILE = "York Bin CollectionTests/Info.plist";
				LD_RUNPATH_SEARCH_PATHS = "$(inherited) @executable_path/Frameworks @loader_path/Frameworks";
				PRODUCT_BUNDLE_IDENTIFIER = "Sean.York-Bin-CollectionTests";
				PRODUCT_NAME = "$(TARGET_NAME)";
				TEST_HOST = "$(BUILT_PRODUCTS_DIR)/York Bin Collection.app/York Bin Collection";
			};
			name = Debug;
		};
		14793B2D1D35240F00E111FD /* Release */ = {
			isa = XCBuildConfiguration;
			buildSettings = {
				BUNDLE_LOADER = "$(TEST_HOST)";
				INFOPLIST_FILE = "York Bin CollectionTests/Info.plist";
				LD_RUNPATH_SEARCH_PATHS = "$(inherited) @executable_path/Frameworks @loader_path/Frameworks";
				PRODUCT_BUNDLE_IDENTIFIER = "Sean.York-Bin-CollectionTests";
				PRODUCT_NAME = "$(TARGET_NAME)";
				TEST_HOST = "$(BUILT_PRODUCTS_DIR)/York Bin Collection.app/York Bin Collection";
			};
			name = Release;
		};
/* End XCBuildConfiguration section */

/* Begin XCConfigurationList section */
		14793B061D35240E00E111FD /* Build configuration list for PBXProject "York Bin Collection" */ = {
			isa = XCConfigurationList;
			buildConfigurations = (
				14793B261D35240F00E111FD /* Debug */,
				14793B271D35240F00E111FD /* Release */,
			);
			defaultConfigurationIsVisible = 0;
			defaultConfigurationName = Release;
		};
		14793B281D35240F00E111FD /* Build configuration list for PBXNativeTarget "York Bin Collection" */ = {
			isa = XCConfigurationList;
			buildConfigurations = (
				14793B291D35240F00E111FD /* Debug */,
				14793B2A1D35240F00E111FD /* Release */,
			);
			defaultConfigurationIsVisible = 0;
			defaultConfigurationName = Release;
		};
		14793B2B1D35240F00E111FD /* Build configuration list for PBXNativeTarget "York Bin CollectionTests" */ = {
			isa = XCConfigurationList;
			buildConfigurations = (
				14793B2C1D35240F00E111FD /* Debug */,
				14793B2D1D35240F00E111FD /* Release */,
			);
			defaultConfigurationIsVisible = 0;
			defaultConfigurationName = Release;
		};
/* End XCConfigurationList section */
	};
	rootObject = 14793B031D35240E00E111FD /* Project object */;
}
